
Microsoft Visual Studio Solution File, Format Version 12.00
# Visual Studio Version 16
VisualStudioVersion = 16.0.29911.84
MinimumVisualStudioVersion = 10.0.40219.1
Project("{FAE04EC0-301F-11D3-BF4B-00C04F79EFBC}") = "ProgramingParty", "ProgramingParty\ProgramingParty.csproj", "{2667FD72-2DB9-4194-AA19-8C04D02E6CAA}"
EndProject
Global
	GlobalSection(SolutionConfigurationPlatforms) = preSolution
		Debug|Any CPU = Debug|Any CPU
		Release|Any CPU = Release|Any CPU
	EndGlobalSection
	GlobalSection(ProjectConfigurationPlatforms) = postSolution
		{2667FD72-2DB9-4194-AA19-8C04D02E6CAA}.Debug|Any CPU.ActiveCfg = Debug|Any CPU
		{2667FD72-2DB9-4194-AA19-8C04D02E6CAA}.Debug|Any CPU.Build.0 = Debug|Any CPU
		{2667FD72-2DB9-4194-AA19-8C04D02E6CAA}.Release|Any CPU.ActiveCfg = Release|Any CPU
		{2667FD72-2DB9-4194-AA19-8C04D02E6CAA}.Release|Any CPU.Build.0 = Release|Any CPU
	EndGlobalSection
	GlobalSection(SolutionProperties) = preSolution
		HideSolutionNode = FALSE
	EndGlobalSection
	GlobalSection(ExtensibilityGlobals) = postSolution
		SolutionGuid = {A20985A5-BB6A-43E3-B2BA-84953B5040E3}
	EndGlobalSection
EndGlobal
